// !$*UTF8*$!
{
	archiveVersion = 1;
	classes = {
	};
	objectVersion = 56;
	objects = {

/* Begin PBXBuildFile section */
		E83C37C62B237B8F00AC5E23 /* AppDelegate.swift in Sources */ = {isa = PBXBuildFile; fileRef = E83C37C52B237B8F00AC5E23 /* AppDelegate.swift */; };
		E83C37C82B237B8F00AC5E23 /* ContentView.swift in Sources */ = {isa = PBXBuildFile; fileRef = E83C37C72B237B8F00AC5E23 /* ContentView.swift */; };
		E83C37CA2B237B9000AC5E23 /* Assets.xcassets in Resources */ = {isa = PBXBuildFile; fileRef = E83C37C92B237B9000AC5E23 /* Assets.xcassets */; };
		E83C37CD2B237B9000AC5E23 /* Preview Assets.xcassets in Resources */ = {isa = PBXBuildFile; fileRef = E83C37CC2B237B9000AC5E23 /* Preview Assets.xcassets */; };
		E83C37D72B237B9100AC5E23 /* IOTTests.swift in Sources */ = {isa = PBXBuildFile; fileRef = E83C37D62B237B9100AC5E23 /* IOTTests.swift */; };
		E83C37E12B237B9100AC5E23 /* IOTUITests.swift in Sources */ = {isa = PBXBuildFile; fileRef = E83C37E02B237B9100AC5E23 /* IOTUITests.swift */; };
		E83C37E32B237B9100AC5E23 /* IOTUITestsLaunchTests.swift in Sources */ = {isa = PBXBuildFile; fileRef = E83C37E22B237B9100AC5E23 /* IOTUITestsLaunchTests.swift */; };
		E8FB9C072B258B27009397B6 /* MyScene.rcproject in Sources */ = {isa = PBXBuildFile; fileRef = E8FB9C062B258B27009397B6 /* MyScene.rcproject */; };
/* End PBXBuildFile section */

/* Begin PBXContainerItemProxy section */
		E83C37D32B237B9100AC5E23 /* PBXContainerItemProxy */ = {
			isa = PBXContainerItemProxy;
			containerPortal = E83C37BA2B237B8F00AC5E23 /* Project object */;
			proxyType = 1;
			remoteGlobalIDString = E83C37C12B237B8F00AC5E23;
			remoteInfo = IOT;
		};
		E83C37DD2B237B9100AC5E23 /* PBXContainerItemProxy */ = {
			isa = PBXContainerItemProxy;
			containerPortal = E83C37BA2B237B8F00AC5E23 /* Project object */;
			proxyType = 1;
			remoteGlobalIDString = E83C37C12B237B8F00AC5E23;
			remoteInfo = IOT;
		};
/* End PBXContainerItemProxy section */

/* Begin PBXFileReference section */
		E83C37C22B237B8F00AC5E23 /* IOT.app */ = {isa = PBXFileReference; explicitFileType = wrapper.application; includeInIndex = 0; path = IOT.app; sourceTree = BUILT_PRODUCTS_DIR; };
		E83C37C52B237B8F00AC5E23 /* AppDelegate.swift */ = {isa = PBXFileReference; lastKnownFileType = sourcecode.swift; path = AppDelegate.swift; sourceTree = "<group>"; };
		E83C37C72B237B8F00AC5E23 /* ContentView.swift */ = {isa = PBXFileReference; lastKnownFileType = sourcecode.swift; path = ContentView.swift; sourceTree = "<group>"; };
		E83C37C92B237B9000AC5E23 /* Assets.xcassets */ = {isa = PBXFileReference; lastKnownFileType = folder.assetcatalog; path = Assets.xcassets; sourceTree = "<group>"; };
		E83C37CC2B237B9000AC5E23 /* Preview Assets.xcassets */ = {isa = PBXFileReference; lastKnownFileType = folder.assetcatalog; path = "Preview Assets.xcassets"; sourceTree = "<group>"; };
		E83C37D22B237B9100AC5E23 /* IOTTests.xctest */ = {isa = PBXFileReference; explicitFileType = wrapper.cfbundle; includeInIndex = 0; path = IOTTests.xctest; sourceTree = BUILT_PRODUCTS_DIR; };
		E83C37D62B237B9100AC5E23 /* IOTTests.swift */ = {isa = PBXFileReference; lastKnownFileType = sourcecode.swift; path = IOTTests.swift; sourceTree = "<group>"; };
		E83C37DC2B237B9100AC5E23 /* IOTUITests.xctest */ = {isa = PBXFileReference; explicitFileType = wrapper.cfbundle; includeInIndex = 0; path = IOTUITests.xctest; sourceTree = BUILT_PRODUCTS_DIR; };
		E83C37E02B237B9100AC5E23 /* IOTUITests.swift */ = {isa = PBXFileReference; lastKnownFileType = sourcecode.swift; path = IOTUITests.swift; sourceTree = "<group>"; };
		E83C37E22B237B9100AC5E23 /* IOTUITestsLaunchTests.swift */ = {isa = PBXFileReference; lastKnownFileType = sourcecode.swift; path = IOTUITestsLaunchTests.swift; sourceTree = "<group>"; };
		E8FB9C062B258B27009397B6 /* MyScene.rcproject */ = {isa = PBXFileReference; lastKnownFileType = file.rcproject; path = MyScene.rcproject; sourceTree = "<group>"; };
/* End PBXFileReference section */

/* Begin PBXFrameworksBuildPhase section */
		E83C37BF2B237B8F00AC5E23 /* Frameworks */ = {
			isa = PBXFrameworksBuildPhase;
			buildActionMask = 2147483647;
			files = (
			);
			runOnlyForDeploymentPostprocessing = 0;
		};
		E83C37CF2B237B9100AC5E23 /* Frameworks */ = {
			isa = PBXFrameworksBuildPhase;
			buildActionMask = 2147483647;
			files = (
			);
			runOnlyForDeploymentPostprocessing = 0;
		};
		E83C37D92B237B9100AC5E23 /* Frameworks */ = {
			isa = PBXFrameworksBuildPhase;
			buildActionMask = 2147483647;
			files = (
			);
			runOnlyForDeploymentPostprocessing = 0;
		};
/* End PBXFrameworksBuildPhase section */

/* Begin PBXGroup section */
		E83C37B92B237B8F00AC5E23 = {
			isa = PBXGroup;
			children = (
				E83C37C42B237B8F00AC5E23 /* IOT */,
				E83C37D52B237B9100AC5E23 /* IOTTests */,
				E83C37DF2B237B9100AC5E23 /* IOTUITests */,
				E83C37C32B237B8F00AC5E23 /* Products */,
			);
			sourceTree = "<group>";
		};
		E83C37C32B237B8F00AC5E23 /* Products */ = {
			isa = PBXGroup;
			children = (
				E83C37C22B237B8F00AC5E23 /* IOT.app */,
				E83C37D22B237B9100AC5E23 /* IOTTests.xctest */,
				E83C37DC2B237B9100AC5E23 /* IOTUITests.xctest */,
			);
			name = Products;
			sourceTree = "<group>";
		};
		E83C37C42B237B8F00AC5E23 /* IOT */ = {
			isa = PBXGroup;
			children = (
				E83C37C52B237B8F00AC5E23 /* AppDelegate.swift */,
				E83C37C72B237B8F00AC5E23 /* ContentView.swift */,
				E8FB9C062B258B27009397B6 /* MyScene.rcproject */,
				E83C37C92B237B9000AC5E23 /* Assets.xcassets */,
				E83C37CB2B237B9000AC5E23 /* Preview Content */,
			);
			path = IOT;
			sourceTree = "<group>";
		};
		E83C37CB2B237B9000AC5E23 /* Preview Content */ = {
			isa = PBXGroup;
			children = (
				E83C37CC2B237B9000AC5E23 /* Preview Assets.xcassets */,
			);
			path = "Preview Content";
			sourceTree = "<group>";
		};
		E83C37D52B237B9100AC5E23 /* IOTTests */ = {
			isa = PBXGroup;
			children = (
				E83C37D62B237B9100AC5E23 /* IOTTests.swift */,
			);
			path = IOTTests;
			sourceTree = "<group>";
		};
		E83C37DF2B237B9100AC5E23 /* IOTUITests */ = {
			isa = PBXGroup;
			children = (
				E83C37E02B237B9100AC5E23 /* IOTUITests.swift */,
				E83C37E22B237B9100AC5E23 /* IOTUITestsLaunchTests.swift */,
			);
			path = IOTUITests;
			sourceTree = "<group>";
		};
/* End PBXGroup section */

/* Begin PBXNativeTarget section */
		E83C37C12B237B8F00AC5E23 /* IOT */ = {
			isa = PBXNativeTarget;
			buildConfigurationList = E83C37E62B237B9100AC5E23 /* Build configuration list for PBXNativeTarget "IOT" */;
			buildPhases = (
				E83C37BE2B237B8F00AC5E23 /* Sources */,
				E83C37BF2B237B8F00AC5E23 /* Frameworks */,
				E83C37C02B237B8F00AC5E23 /* Resources */,
			);
			buildRules = (
			);
			dependencies = (
			);
			name = IOT;
			productName = IOT;
			productReference = E83C37C22B237B8F00AC5E23 /* IOT.app */;
			productType = "com.apple.product-type.application";
		};
		E83C37D12B237B9100AC5E23 /* IOTTests */ = {
			isa = PBXNativeTarget;
			buildConfigurationList = E83C37E92B237B9100AC5E23 /* Build configuration list for PBXNativeTarget "IOTTests" */;
			buildPhases = (
				E83C37CE2B237B9100AC5E23 /* Sources */,
				E83C37CF2B237B9100AC5E23 /* Frameworks */,
				E83C37D02B237B9100AC5E23 /* Resources */,
			);
			buildRules = (
			);
			dependencies = (
				E83C37D42B237B9100AC5E23 /* PBXTargetDependency */,
			);
			name = IOTTests;
			productName = IOTTests;
			productReference = E83C37D22B237B9100AC5E23 /* IOTTests.xctest */;
			productType = "com.apple.product-type.bundle.unit-test";
		};
		E83C37DB2B237B9100AC5E23 /* IOTUITests */ = {
			isa = PBXNativeTarget;
			buildConfigurationList = E83C37EC2B237B9100AC5E23 /* Build configuration list for PBXNativeTarget "IOTUITests" */;
			buildPhases = (
				E83C37D82B237B9100AC5E23 /* Sources */,
				E83C37D92B237B9100AC5E23 /* Frameworks */,
				E83C37DA2B237B9100AC5E23 /* Resources */,
			);
			buildRules = (
			);
			dependencies = (
				E83C37DE2B237B9100AC5E23 /* PBXTargetDependency */,
			);
			name = IOTUITests;
			productName = IOTUITests;
			productReference = E83C37DC2B237B9100AC5E23 /* IOTUITests.xctest */;
			productType = "com.apple.product-type.bundle.ui-testing";
		};
/* End PBXNativeTarget section */

/* Begin PBXProject section */
		E83C37BA2B237B8F00AC5E23 /* Project object */ = {
			isa = PBXProject;
			attributes = {
				BuildIndependentTargetsInParallel = 1;
				LastSwiftUpdateCheck = 1500;
				LastUpgradeCheck = 1500;
				TargetAttributes = {
					E83C37C12B237B8F00AC5E23 = {
						CreatedOnToolsVersion = 15.0.1;
					};
					E83C37D12B237B9100AC5E23 = {
						CreatedOnToolsVersion = 15.0.1;
						TestTargetID = E83C37C12B237B8F00AC5E23;
					};
					E83C37DB2B237B9100AC5E23 = {
						CreatedOnToolsVersion = 15.0.1;
						TestTargetID = E83C37C12B237B8F00AC5E23;
					};
				};
			};
			buildConfigurationList = E83C37BD2B237B8F00AC5E23 /* Build configuration list for PBXProject "IOT" */;
			compatibilityVersion = "Xcode 14.0";
			developmentRegion = en;
			hasScannedForEncodings = 0;
			knownRegions = (
				en,
				Base,
			);
			mainGroup = E83C37B92B237B8F00AC5E23;
			productRefGroup = E83C37C32B237B8F00AC5E23 /* Products */;
			projectDirPath = "";
			projectRoot = "";
			targets = (
				E83C37C12B237B8F00AC5E23 /* IOT */,
				E83C37D12B237B9100AC5E23 /* IOTTests */,
				E83C37DB2B237B9100AC5E23 /* IOTUITests */,
			);
		};
/* End PBXProject section */

/* Begin PBXResourcesBuildPhase section */
		E83C37C02B237B8F00AC5E23 /* Resources */ = {
			isa = PBXResourcesBuildPhase;
			buildActionMask = 2147483647;
			files = (
				E83C37CD2B237B9000AC5E23 /* Preview Assets.xcassets in Resources */,
				E83C37CA2B237B9000AC5E23 /* Assets.xcassets in Resources */,
			);
			runOnlyForDeploymentPostprocessing = 0;
		};
		E83C37D02B237B9100AC5E23 /* Resources */ = {
			isa = PBXResourcesBuildPhase;
			buildActionMask = 2147483647;
			files = (
			);
			runOnlyForDeploymentPostprocessing = 0;
		};
		E83C37DA2B237B9100AC5E23 /* Resources */ = {
			isa = PBXResourcesBuildPhase;
			buildActionMask = 2147483647;
			files = (
			);
			runOnlyForDeploymentPostprocessing = 0;
		};
/* End PBXResourcesBuildPhase section */

/* Begin PBXSourcesBuildPhase section */
		E83C37BE2B237B8F00AC5E23 /* Sources */ = {
			isa = PBXSourcesBuildPhase;
			buildActionMask = 2147483647;
			files = (
				E8FB9C072B258B27009397B6 /* MyScene.rcproject in Sources */,
				E83C37C82B237B8F00AC5E23 /* ContentView.swift in Sources */,
				E83C37C62B237B8F00AC5E23 /* AppDelegate.swift in Sources */,
			);
			runOnlyForDeploymentPostprocessing = 0;
		};
		E83C37CE2B237B9100AC5E23 /* Sources */ = {
			isa = PBXSourcesBuildPhase;
			buildActionMask = 2147483647;
			files = (
				E83C37D72B237B9100AC5E23 /* IOTTests.swift in Sources */,
			);
			runOnlyForDeploymentPostprocessing = 0;
		};
		E83C37D82B237B9100AC5E23 /* Sources */ = {
			isa = PBXSourcesBuildPhase;
			buildActionMask = 2147483647;
			files = (
				E83C37E12B237B9100AC5E23 /* IOTUITests.swift in Sources */,
				E83C37E32B237B9100AC5E23 /* IOTUITestsLaunchTests.swift in Sources */,
			);
			runOnlyForDeploymentPostprocessing = 0;
		};
/* End PBXSourcesBuildPhase section */

/* Begin PBXTargetDependency section */
		E83C37D42B237B9100AC5E23 /* PBXTargetDependency */ = {
			isa = PBXTargetDependency;
			target = E83C37C12B237B8F00AC5E23 /* IOT */;
			targetProxy = E83C37D32B237B9100AC5E23 /* PBXContainerItemProxy */;
		};
		E83C37DE2B237B9100AC5E23 /* PBXTargetDependency */ = {
			isa = PBXTargetDependency;
			target = E83C37C12B237B8F00AC5E23 /* IOT */;
			targetProxy = E83C37DD2B237B9100AC5E23 /* PBXContainerItemProxy */;
		};
/* End PBXTargetDependency section */

/* Begin XCBuildConfiguration section */
		E83C37E42B237B9100AC5E23 /* Debug */ = {
			isa = XCBuildConfiguration;
			buildSettings = {
				ALWAYS_SEARCH_USER_PATHS = NO;
				ASSETCATALOG_COMPILER_GENERATE_SWIFT_ASSET_SYMBOL_EXTENSIONS = YES;
				CLANG_ANALYZER_NONNULL = YES;
				CLANG_ANALYZER_NUMBER_OBJECT_CONVERSION = YES_AGGRESSIVE;
				CLANG_CXX_LANGUAGE_STANDARD = "gnu++20";
				CLANG_ENABLE_MODULES = YES;
				CLANG_ENABLE_OBJC_ARC = YES;
				CLANG_ENABLE_OBJC_WEAK = YES;
				CLANG_WARN_BLOCK_CAPTURE_AUTORELEASING = YES;
				CLANG_WARN_BOOL_CONVERSION = YES;
				CLANG_WARN_COMMA = YES;
				CLANG_WARN_CONSTANT_CONVERSION = YES;
				CLANG_WARN_DEPRECATED_OBJC_IMPLEMENTATIONS = YES;
				CLANG_WARN_DIRECT_OBJC_ISA_USAGE = YES_ERROR;
				CLANG_WARN_DOCUMENTATION_COMMENTS = YES;
				CLANG_WARN_EMPTY_BODY = YES;
				CLANG_WARN_ENUM_CONVERSION = YES;
				CLANG_WARN_INFINITE_RECURSION = YES;
				CLANG_WARN_INT_CONVERSION = YES;
				CLANG_WARN_NON_LITERAL_NULL_CONVERSION = YES;
				CLANG_WARN_OBJC_IMPLICIT_RETAIN_SELF = YES;
				CLANG_WARN_OBJC_LITERAL_CONVERSION = YES;
				CLANG_WARN_OBJC_ROOT_CLASS = YES_ERROR;
				CLANG_WARN_QUOTED_INCLUDE_IN_FRAMEWORK_HEADER = YES;
				CLANG_WARN_RANGE_LOOP_ANALYSIS = YES;
				CLANG_WARN_STRICT_PROTOTYPES = YES;
				CLANG_WARN_SUSPICIOUS_MOVE = YES;
				CLANG_WARN_UNGUARDED_AVAILABILITY = YES_AGGRESSIVE;
				CLANG_WARN_UNREACHABLE_CODE = YES;
				CLANG_WARN__DUPLICATE_METHOD_MATCH = YES;
				COPY_PHASE_STRIP = NO;
				DEBUG_INFORMATION_FORMAT = dwarf;
				ENABLE_STRICT_OBJC_MSGSEND = YES;
				ENABLE_TESTABILITY = YES;
				ENABLE_USER_SCRIPT_SANDBOXING = YES;
				GCC_C_LANGUAGE_STANDARD = gnu17;
				GCC_DYNAMIC_NO_PIC = NO;
				GCC_NO_COMMON_BLOCKS = YES;
				GCC_OPTIMIZATION_LEVEL = 0;
				GCC_PREPROCESSOR_DEFINITIONS = (
					"DEBUG=1",
					"$(inherited)",
				);
				GCC_WARN_64_TO_32_BIT_CONVERSION = YES;
				GCC_WARN_ABOUT_RETURN_TYPE = YES_ERROR;
				GCC_WARN_UNDECLARED_SELECTOR = YES;
				GCC_WARN_UNINITIALIZED_AUTOS = YES_AGGRESSIVE;
				GCC_WARN_UNUSED_FUNCTION = YES;
				GCC_WARN_UNUSED_VARIABLE = YES;
				IPHONEOS_DEPLOYMENT_TARGET = 17.0;
				LOCALIZATION_PREFERS_STRING_CATALOGS = YES;
				MTL_ENABLE_DEBUG_INFO = INCLUDE_SOURCE;
				MTL_FAST_MATH = YES;
				ONLY_ACTIVE_ARCH = YES;
				SDKROOT = iphoneos;
				SWIFT_ACTIVE_COMPILATION_CONDITIONS = "DEBUG $(inherited)";
				SWIFT_OPTIMIZATION_LEVEL = "-Onone";
			};
			name = Debug;
		};
		E83C37E52B237B9100AC5E23 /* Release */ = {
			isa = XCBuildConfiguration;
			buildSettings = {
				ALWAYS_SEARCH_USER_PATHS = NO;
				ASSETCATALOG_COMPILER_GENERATE_SWIFT_ASSET_SYMBOL_EXTENSIONS = YES;
				CLANG_ANALYZER_NONNULL = YES;
				CLANG_ANALYZER_NUMBER_OBJECT_CONVERSION = YES_AGGRESSIVE;
				CLANG_CXX_LANGUAGE_STANDARD = "gnu++20";
				CLANG_ENABLE_MODULES = YES;
				CLANG_ENABLE_OBJC_ARC = YES;
				CLANG_ENABLE_OBJC_WEAK = YES;
				CLANG_WARN_BLOCK_CAPTURE_AUTORELEASING = YES;
				CLANG_WARN_BOOL_CONVERSION = YES;
				CLANG_WARN_COMMA = YES;
				CLANG_WARN_CONSTANT_CONVERSION = YES;
				CLANG_WARN_DEPRECATED_OBJC_IMPLEMENTATIONS = YES;
				CLANG_WARN_DIRECT_OBJC_ISA_USAGE = YES_ERROR;
				CLANG_WARN_DOCUMENTATION_COMMENTS = YES;
				CLANG_WARN_EMPTY_BODY = YES;
				CLANG_WARN_ENUM_CONVERSION = YES;
				CLANG_WARN_INFINITE_RECURSION = YES;
				CLANG_WARN_INT_CONVERSION = YES;
				CLANG_WARN_NON_LITERAL_NULL_CONVERSION = YES;
				CLANG_WARN_OBJC_IMPLICIT_RETAIN_SELF = YES;
				CLANG_WARN_OBJC_LITERAL_CONVERSION = YES;
				CLANG_WARN_OBJC_ROOT_CLASS = YES_ERROR;
				CLANG_WARN_QUOTED_INCLUDE_IN_FRAMEWORK_HEADER = YES;
				CLANG_WARN_RANGE_LOOP_ANALYSIS = YES;
				CLANG_WARN_STRICT_PROTOTYPES = YES;
				CLANG_WARN_SUSPICIOUS_MOVE = YES;
				CLANG_WARN_UNGUARDED_AVAILABILITY = YES_AGGRESSIVE;
				CLANG_WARN_UNREACHABLE_CODE = YES;
				CLANG_WARN__DUPLICATE_METHOD_MATCH = YES;
				COPY_PHASE_STRIP = NO;
				DEBUG_INFORMATION_FORMAT = "dwarf-with-dsym";
				ENABLE_NS_ASSERTIONS = NO;
				ENABLE_STRICT_OBJC_MSGSEND = YES;
				ENABLE_USER_SCRIPT_SANDBOXING = YES;
				GCC_C_LANGUAGE_STANDARD = gnu17;
				GCC_NO_COMMON_BLOCKS = YES;
				GCC_WARN_64_TO_32_BIT_CONVERSION = YES;
				GCC_WARN_ABOUT_RETURN_TYPE = YES_ERROR;
				GCC_WARN_UNDECLARED_SELECTOR = YES;
				GCC_WARN_UNINITIALIZED_AUTOS = YES_AGGRESSIVE;
				GCC_WARN_UNUSED_FUNCTION = YES;
				GCC_WARN_UNUSED_VARIABLE = YES;
				IPHONEOS_DEPLOYMENT_TARGET = 17.0;
				LOCALIZATION_PREFERS_STRING_CATALOGS = YES;
				MTL_ENABLE_DEBUG_INFO = NO;
				MTL_FAST_MATH = YES;
				SDKROOT = iphoneos;
				SWIFT_COMPILATION_MODE = wholemodule;
				VALIDATE_PRODUCT = YES;
			};
			name = Release;
		};
		E83C37E72B237B9100AC5E23 /* Debug */ = {
			isa = XCBuildConfiguration;
			buildSettings = {
				ASSETCATALOG_COMPILER_APPICON_NAME = AppIcon;
				ASSETCATALOG_COMPILER_GLOBAL_ACCENT_COLOR_NAME = AccentColor;
				CODE_SIGN_IDENTITY = "Apple Development";
				CODE_SIGN_STYLE = Automatic;
				CURRENT_PROJECT_VERSION = 1;
				DEVELOPMENT_ASSET_PATHS = "\"IOT/Preview Content\"";
				DEVELOPMENT_TEAM = SYXRCY36L5;
				ENABLE_PREVIEWS = YES;
				GENERATE_INFOPLIST_FILE = YES;
				INFOPLIST_KEY_NSCameraUsageDescription = "";
				INFOPLIST_KEY_UIApplicationSupportsIndirectInputEvents = YES;
				INFOPLIST_KEY_UILaunchScreen_Generation = YES;
				INFOPLIST_KEY_UIRequiredDeviceCapabilities = arkit;
				INFOPLIST_KEY_UIStatusBarHidden = YES;
				INFOPLIST_KEY_UISupportedInterfaceOrientations_iPad = "UIInterfaceOrientationPortrait UIInterfaceOrientationPortraitUpsideDown UIInterfaceOrientationLandscapeLeft UIInterfaceOrientationLandscapeRight";
				INFOPLIST_KEY_UISupportedInterfaceOrientations_iPhone = "UIInterfaceOrientationPortrait UIInterfaceOrientationLandscapeLeft UIInterfaceOrientationLandscapeRight";
				IPHONEOS_DEPLOYMENT_TARGET = 16.0;
				LD_RUNPATH_SEARCH_PATHS = (
					"$(inherited)",
					"@executable_path/Frameworks",
				);
				MARKETING_VERSION = 1.0;
				PRODUCT_BUNDLE_IDENTIFIER = IOT.IOT;
				PRODUCT_NAME = "$(TARGET_NAME)";
				PROVISIONING_PROFILE_SPECIFIER = "";
				SWIFT_EMIT_LOC_STRINGS = YES;
				SWIFT_VERSION = 5.0;
				TARGETED_DEVICE_FAMILY = "1,2";
			};
			name = Debug;
		};
		E83C37E82B237B9100AC5E23 /* Release */ = {
			isa = XCBuildConfiguration;
			buildSettings = {
				ASSETCATALOG_COMPILER_APPICON_NAME = AppIcon;
				ASSETCATALOG_COMPILER_GLOBAL_ACCENT_COLOR_NAME = AccentColor;
				CODE_SIGN_IDENTITY = "Apple Development";
				CODE_SIGN_STYLE = Automatic;
				CURRENT_PROJECT_VERSION = 1;
				DEVELOPMENT_ASSET_PATHS = "\"IOT/Preview Content\"";
				DEVELOPMENT_TEAM = SYXRCY36L5;
				ENABLE_PREVIEWS = YES;
				GENERATE_INFOPLIST_FILE = YES;
				INFOPLIST_KEY_NSCameraUsageDescription = "";
				INFOPLIST_KEY_UIApplicationSupportsIndirectInputEvents = YES;
				INFOPLIST_KEY_UILaunchScreen_Generation = YES;
				INFOPLIST_KEY_UIRequiredDeviceCapabilities = arkit;
				INFOPLIST_KEY_UIStatusBarHidden = YES;
				INFOPLIST_KEY_UISupportedInterfaceOrientations_iPad = "UIInterfaceOrientationPortrait UIInterfaceOrientationPortraitUpsideDown UIInterfaceOrientationLandscapeLeft UIInterfaceOrientationLandscapeRight";
				INFOPLIST_KEY_UISupportedInterfaceOrientations_iPhone = "UIInterfaceOrientationPortrait UIInterfaceOrientationLandscapeLeft UIInterfaceOrientationLandscapeRight";
				IPHONEOS_DEPLOYMENT_TARGET = 16.0;
				LD_RUNPATH_SEARCH_PATHS = (
					"$(inherited)",
					"@executable_path/Frameworks",
				);
				MARKETING_VERSION = 1.0;
				PRODUCT_BUNDLE_IDENTIFIER = IOT.IOT;
				PRODUCT_NAME = "$(TARGET_NAME)";
				PROVISIONING_PROFILE_SPECIFIER = "";
				SWIFT_EMIT_LOC_STRINGS = YES;
				SWIFT_VERSION = 5.0;
				TARGETED_DEVICE_FAMILY = "1,2";
			};
			name = Release;
		};
		E83C37EA2B237B9100AC5E23 /* Debug */ = {
			isa = XCBuildConfiguration;
			buildSettings = {
				ALWAYS_EMBED_SWIFT_STANDARD_LIBRARIES = YES;
				BUNDLE_LOADER = "$(TEST_HOST)";
				CODE_SIGN_STYLE = Automatic;
				CURRENT_PROJECT_VERSION = 1;
				GENERATE_INFOPLIST_FILE = YES;
				IPHONEOS_DEPLOYMENT_TARGET = 17.0;
				MARKETING_VERSION = 1.0;
				PRODUCT_BUNDLE_IDENTIFIER = IOT.IOTTests;
				PRODUCT_NAME = "$(TARGET_NAME)";
				SWIFT_EMIT_LOC_STRINGS = NO;
				SWIFT_VERSION = 5.0;
				TARGETED_DEVICE_FAMILY = "1,2";
				TEST_HOST = "$(BUILT_PRODUCTS_DIR)/IOT.app/$(BUNDLE_EXECUTABLE_FOLDER_PATH)/IOT";
			};
			name = Debug;
		};
		E83C37EB2B237B9100AC5E23 /* Release */ = {
			isa = XCBuildConfiguration;
			buildSettings = {
				ALWAYS_EMBED_SWIFT_STANDARD_LIBRARIES = YES;
				BUNDLE_LOADER = "$(TEST_HOST)";
				CODE_SIGN_STYLE = Automatic;
				CURRENT_PROJECT_VERSION = 1;
				GENERATE_INFOPLIST_FILE = YES;
				IPHONEOS_DEPLOYMENT_TARGET = 17.0;
				MARKETING_VERSION = 1.0;
				PRODUCT_BUNDLE_IDENTIFIER = IOT.IOTTests;
				PRODUCT_NAME = "$(TARGET_NAME)";
				SWIFT_EMIT_LOC_STRINGS = NO;
				SWIFT_VERSION = 5.0;
				TARGETED_DEVICE_FAMILY = "1,2";
				TEST_HOST = "$(BUILT_PRODUCTS_DIR)/IOT.app/$(BUNDLE_EXECUTABLE_FOLDER_PATH)/IOT";
			};
			name = Release;
		};
		E83C37ED2B237B9100AC5E23 /* Debug */ = {
			isa = XCBuildConfiguration;
			buildSettings = {
				ALWAYS_EMBED_SWIFT_STANDARD_LIBRARIES = YES;
				CODE_SIGN_STYLE = Automatic;
				CURRENT_PROJECT_VERSION = 1;
				GENERATE_INFOPLIST_FILE = YES;
				MARKETING_VERSION = 1.0;
				PRODUCT_BUNDLE_IDENTIFIER = IOT.IOTUITests;
				PRODUCT_NAME = "$(TARGET_NAME)";
				SWIFT_EMIT_LOC_STRINGS = NO;
				SWIFT_VERSION = 5.0;
				TARGETED_DEVICE_FAMILY = "1,2";
				TEST_TARGET_NAME = IOT;
			};
			name = Debug;
		};
		E83C37EE2B237B9100AC5E23 /* Release */ = {
			isa = XCBuildConfiguration;
			buildSettings = {
				ALWAYS_EMBED_SWIFT_STANDARD_LIBRARIES = YES;
				CODE_SIGN_STYLE = Automatic;
				CURRENT_PROJECT_VERSION = 1;
				GENERATE_INFOPLIST_FILE = YES;
				MARKETING_VERSION = 1.0;
				PRODUCT_BUNDLE_IDENTIFIER = IOT.IOTUITests;
				PRODUCT_NAME = "$(TARGET_NAME)";
				SWIFT_EMIT_LOC_STRINGS = NO;
				SWIFT_VERSION = 5.0;
				TARGETED_DEVICE_FAMILY = "1,2";
				TEST_TARGET_NAME = IOT;
			};
			name = Release;
		};
/* End XCBuildConfiguration section */

/* Begin XCConfigurationList section */
		E83C37BD2B237B8F00AC5E23 /* Build configuration list for PBXProject "IOT" */ = {
			isa = XCConfigurationList;
			buildConfigurations = (
				E83C37E42B237B9100AC5E23 /* Debug */,
				E83C37E52B237B9100AC5E23 /* Release */,
			);
			defaultConfigurationIsVisible = 0;
			defaultConfigurationName = Release;
		};
		E83C37E62B237B9100AC5E23 /* Build configuration list for PBXNativeTarget "IOT" */ = {
			isa = XCConfigurationList;
			buildConfigurations = (
				E83C37E72B237B9100AC5E23 /* Debug */,
				E83C37E82B237B9100AC5E23 /* Release */,
			);
			defaultConfigurationIsVisible = 0;
			defaultConfigurationName = Release;
		};
		E83C37E92B237B9100AC5E23 /* Build configuration list for PBXNativeTarget "IOTTests" */ = {
			isa = XCConfigurationList;
			buildConfigurations = (
				E83C37EA2B237B9100AC5E23 /* Debug */,
				E83C37EB2B237B9100AC5E23 /* Release */,
			);
			defaultConfigurationIsVisible = 0;
			defaultConfigurationName = Release;
		};
		E83C37EC2B237B9100AC5E23 /* Build configuration list for PBXNativeTarget "IOTUITests" */ = {
			isa = XCConfigurationList;
			buildConfigurations = (
				E83C37ED2B237B9100AC5E23 /* Debug */,
				E83C37EE2B237B9100AC5E23 /* Release */,
			);
			defaultConfigurationIsVisible = 0;
			defaultConfigurationName = Release;
		};
/* End XCConfigurationList section */
	};
	rootObject = E83C37BA2B237B8F00AC5E23 /* Project object */;
}
